PODS:
  - PromiseKit (8.1.1):
    - PromiseKit/CorePromise (= 8.1.1)
    - PromiseKit/Foundation (= 8.1.1)
    - PromiseKit/UIKit (= 8.1.1)
  - PromiseKit/CorePromise (8.1.1)
  - PromiseKit/Foundation (8.1.1):
    - PromiseKit/CorePromise
  - PromiseKit/UIKit (8.1.1):
    - PromiseKit/CorePromise

DEPENDENCIES:
  - PromiseKit (~> 8)

SPEC REPOS:
  trunk:
    - PromiseKit

SPEC CHECKSUMS:
  PromiseKit: d1be44b474e5acfa16adf007a1f49f104e10fead

PODFILE CHECKSUM: b1697aa5a6c71bda084a80dff5f48988466fe1cf

COCOAPODS: 1.14.2
